
Microsoft Visual Studio Solution File, Format Version 12.00
# Visual Studio 14
VisualStudioVersion = 14.0.25420.1
MinimumVisualStudioVersion = 10.0.40219.1
Project("{2150E333-8FDC-42A3-9474-1A3956D46DE8}") = "DataAccess", "DataAccess", "{92EB03C6-FD35-419C-B137-D999CC049ECE}"
EndProject
Project("{FAE04EC0-301F-11D3-BF4B-00C04F79EFBC}") = "Business", "Business\Business.csproj", "{91E3BE85-8181-41FE-8F61-03B15A04AF8D}"
EndProject
Project("{FAE04EC0-301F-11D3-BF4B-00C04F79EFBC}") = "Entities", "Entities\Entities.csproj", "{B2E166DD-FC93-446E-AF30-7A45B6E393A0}"
EndProject
Project("{FAE04EC0-301F-11D3-BF4B-00C04F79EFBC}") = "DAO", "DAO\DAO.csproj", "{DBA81DDF-DD78-4158-8E99-6F1581EBB04D}"
EndProject
Project("{FAE04EC0-301F-11D3-BF4B-00C04F79EFBC}") = "AppWeb", "AppWeb\AppWeb.csproj", "{4FEDD627-1C07-45DF-89B5-C003EC6ED517}"
EndProject
Global
	GlobalSection(SolutionConfigurationPlatforms) = preSolution
		Debug|Any CPU = Debug|Any CPU
		Release|Any CPU = Release|Any CPU
	EndGlobalSection
	GlobalSection(ProjectConfigurationPlatforms) = postSolution
		{91E3BE85-8181-41FE-8F61-03B15A04AF8D}.Debug|Any CPU.ActiveCfg = Debug|Any CPU
		{91E3BE85-8181-41FE-8F61-03B15A04AF8D}.Debug|Any CPU.Build.0 = Debug|Any CPU
		{91E3BE85-8181-41FE-8F61-03B15A04AF8D}.Release|Any CPU.ActiveCfg = Release|Any CPU
		{91E3BE85-8181-41FE-8F61-03B15A04AF8D}.Release|Any CPU.Build.0 = Release|Any CPU
		{B2E166DD-FC93-446E-AF30-7A45B6E393A0}.Debug|Any CPU.ActiveCfg = Debug|Any CPU
		{B2E166DD-FC93-446E-AF30-7A45B6E393A0}.Debug|Any CPU.Build.0 = Debug|Any CPU
		{B2E166DD-FC93-446E-AF30-7A45B6E393A0}.Release|Any CPU.ActiveCfg = Release|Any CPU
		{B2E166DD-FC93-446E-AF30-7A45B6E393A0}.Release|Any CPU.Build.0 = Release|Any CPU
		{DBA81DDF-DD78-4158-8E99-6F1581EBB04D}.Debug|Any CPU.ActiveCfg = Debug|Any CPU
		{DBA81DDF-DD78-4158-8E99-6F1581EBB04D}.Debug|Any CPU.Build.0 = Debug|Any CPU
		{DBA81DDF-DD78-4158-8E99-6F1581EBB04D}.Release|Any CPU.ActiveCfg = Release|Any CPU
		{DBA81DDF-DD78-4158-8E99-6F1581EBB04D}.Release|Any CPU.Build.0 = Release|Any CPU
		{4FEDD627-1C07-45DF-89B5-C003EC6ED517}.Debug|Any CPU.ActiveCfg = Debug|Any CPU
		{4FEDD627-1C07-45DF-89B5-C003EC6ED517}.Debug|Any CPU.Build.0 = Debug|Any CPU
		{4FEDD627-1C07-45DF-89B5-C003EC6ED517}.Release|Any CPU.ActiveCfg = Release|Any CPU
		{4FEDD627-1C07-45DF-89B5-C003EC6ED517}.Release|Any CPU.Build.0 = Release|Any CPU
	EndGlobalSection
	GlobalSection(SolutionProperties) = preSolution
		HideSolutionNode = FALSE
	EndGlobalSection
	GlobalSection(NestedProjects) = preSolution
		{B2E166DD-FC93-446E-AF30-7A45B6E393A0} = {92EB03C6-FD35-419C-B137-D999CC049ECE}
		{DBA81DDF-DD78-4158-8E99-6F1581EBB04D} = {92EB03C6-FD35-419C-B137-D999CC049ECE}
	EndGlobalSection
	GlobalSection(ExtensibilityGlobals) = postSolution
		SolutionGuid = {B921E1F0-5476-408F-A319-098E04ED74DE}
	EndGlobalSection
EndGlobal
